
Microsoft Visual Studio Solution File, Format Version 12.00
# Visual Studio Version 17
VisualStudioVersion = 17.0.31912.275
MinimumVisualStudioVersion = 10.0.40219.1
Project("{9A19103F-16F7-4668-BE54-9A1E7A4F7556}") = "ReservasHotel.Server", "ReservasHotel\Server\ReservasHotel.Server.csproj", "{DA19C1A6-E9D9-4D7C-9179-26349CC7FD74}"
EndProject
Project("{9A19103F-16F7-4668-BE54-9A1E7A4F7556}") = "ReservasHotel.Client", "ReservasHotel\Client\ReservasHotel.Client.csproj", "{896758FC-089C-410B-A21B-BEDA8A8E03A5}"
EndProject
Project("{9A19103F-16F7-4668-BE54-9A1E7A4F7556}") = "ReservasHotel.Shared", "ReservasHotel\Shared\ReservasHotel.Shared.csproj", "{F8A7C48A-B34D-46C9-8924-3E5ED2CF6D96}"
EndProject
Project("{9A19103F-16F7-4668-BE54-9A1E7A4F7556}") = "ReservasHotel.DB", "ReservasHotel.DB\ReservasHotel.DB.csproj", "{A2CD9DF5-7F33-4A08-A009-DF2623C12A9C}"
EndProject
Global
	GlobalSection(SolutionConfigurationPlatforms) = preSolution
		Debug|Any CPU = Debug|Any CPU
		Release|Any CPU = Release|Any CPU
	EndGlobalSection
	GlobalSection(ProjectConfigurationPlatforms) = postSolution
		{DA19C1A6-E9D9-4D7C-9179-26349CC7FD74}.Debug|Any CPU.ActiveCfg = Debug|Any CPU
		{DA19C1A6-E9D9-4D7C-9179-26349CC7FD74}.Debug|Any CPU.Build.0 = Debug|Any CPU
		{DA19C1A6-E9D9-4D7C-9179-26349CC7FD74}.Release|Any CPU.ActiveCfg = Release|Any CPU
		{DA19C1A6-E9D9-4D7C-9179-26349CC7FD74}.Release|Any CPU.Build.0 = Release|Any CPU
		{896758FC-089C-410B-A21B-BEDA8A8E03A5}.Debug|Any CPU.ActiveCfg = Debug|Any CPU
		{896758FC-089C-410B-A21B-BEDA8A8E03A5}.Debug|Any CPU.Build.0 = Debug|Any CPU
		{896758FC-089C-410B-A21B-BEDA8A8E03A5}.Release|Any CPU.ActiveCfg = Release|Any CPU
		{896758FC-089C-410B-A21B-BEDA8A8E03A5}.Release|Any CPU.Build.0 = Release|Any CPU
		{F8A7C48A-B34D-46C9-8924-3E5ED2CF6D96}.Debug|Any CPU.ActiveCfg = Debug|Any CPU
		{F8A7C48A-B34D-46C9-8924-3E5ED2CF6D96}.Debug|Any CPU.Build.0 = Debug|Any CPU
		{F8A7C48A-B34D-46C9-8924-3E5ED2CF6D96}.Release|Any CPU.ActiveCfg = Release|Any CPU
		{F8A7C48A-B34D-46C9-8924-3E5ED2CF6D96}.Release|Any CPU.Build.0 = Release|Any CPU
		{A2CD9DF5-7F33-4A08-A009-DF2623C12A9C}.Debug|Any CPU.ActiveCfg = Debug|Any CPU
		{A2CD9DF5-7F33-4A08-A009-DF2623C12A9C}.Debug|Any CPU.Build.0 = Debug|Any CPU
		{A2CD9DF5-7F33-4A08-A009-DF2623C12A9C}.Release|Any CPU.ActiveCfg = Release|Any CPU
		{A2CD9DF5-7F33-4A08-A009-DF2623C12A9C}.Release|Any CPU.Build.0 = Release|Any CPU
	EndGlobalSection
	GlobalSection(SolutionProperties) = preSolution
		HideSolutionNode = FALSE
	EndGlobalSection
	GlobalSection(ExtensibilityGlobals) = postSolution
		SolutionGuid = {E8E69FD0-4158-4182-A209-4D9EC1C20D17}
	EndGlobalSection
EndGlobal
